// !$*UTF8*$!
{
	archiveVersion = 1;
	classes = {
	};
	objectVersion = 50;
	objects = {

/* Begin PBXBuildFile section */
		1BEB6A96242DC15D00B3BCE3 /* AppDelegate.swift in Sources */ = {isa = PBXBuildFile; fileRef = 1BEB6A95242DC15D00B3BCE3 /* AppDelegate.swift */; };
		1BEB6A98242DC15D00B3BCE3 /* SceneDelegate.swift in Sources */ = {isa = PBXBuildFile; fileRef = 1BEB6A97242DC15D00B3BCE3 /* SceneDelegate.swift */; };
		1BEB6A9B242DC15D00B3BCE3 /* Google_contacts.xcdatamodeld in Sources */ = {isa = PBXBuildFile; fileRef = 1BEB6A99242DC15D00B3BCE3 /* Google_contacts.xcdatamodeld */; };
		1BEB6A9D242DC15D00B3BCE3 /* ContentView.swift in Sources */ = {isa = PBXBuildFile; fileRef = 1BEB6A9C242DC15D00B3BCE3 /* ContentView.swift */; };
		1BEB6A9F242DC16000B3BCE3 /* Assets.xcassets in Resources */ = {isa = PBXBuildFile; fileRef = 1BEB6A9E242DC16000B3BCE3 /* Assets.xcassets */; };
		1BEB6AA2242DC16000B3BCE3 /* Preview Assets.xcassets in Resources */ = {isa = PBXBuildFile; fileRef = 1BEB6AA1242DC16000B3BCE3 /* Preview Assets.xcassets */; };
		1BEB6AA5242DC16000B3BCE3 /* LaunchScreen.storyboard in Resources */ = {isa = PBXBuildFile; fileRef = 1BEB6AA3242DC16000B3BCE3 /* LaunchScreen.storyboard */; };
		1BEB6AB0242DC16000B3BCE3 /* Google_contactsTests.swift in Sources */ = {isa = PBXBuildFile; fileRef = 1BEB6AAF242DC16000B3BCE3 /* Google_contactsTests.swift */; };
/* End PBXBuildFile section */

/* Begin PBXContainerItemProxy section */
		1BEB6AAC242DC16000B3BCE3 /* PBXContainerItemProxy */ = {
			isa = PBXContainerItemProxy;
			containerPortal = 1BEB6A8A242DC15D00B3BCE3 /* Project object */;
			proxyType = 1;
			remoteGlobalIDString = 1BEB6A91242DC15D00B3BCE3;
			remoteInfo = "Google contacts";
		};
/* End PBXContainerItemProxy section */

/* Begin PBXFileReference section */
		1BEB6A92242DC15D00B3BCE3 /* Google contacts.app */ = {isa = PBXFileReference; explicitFileType = wrapper.application; includeInIndex = 0; path = "Google contacts.app"; sourceTree = BUILT_PRODUCTS_DIR; };
		1BEB6A95242DC15D00B3BCE3 /* AppDelegate.swift */ = {isa = PBXFileReference; lastKnownFileType = sourcecode.swift; path = AppDelegate.swift; sourceTree = "<group>"; };
		1BEB6A97242DC15D00B3BCE3 /* SceneDelegate.swift */ = {isa = PBXFileReference; lastKnownFileType = sourcecode.swift; path = SceneDelegate.swift; sourceTree = "<group>"; };
		1BEB6A9A242DC15D00B3BCE3 /* Google_contacts.xcdatamodel */ = {isa = PBXFileReference; lastKnownFileType = wrapper.xcdatamodel; path = Google_contacts.xcdatamodel; sourceTree = "<group>"; };
		1BEB6A9C242DC15D00B3BCE3 /* ContentView.swift */ = {isa = PBXFileReference; lastKnownFileType = sourcecode.swift; path = ContentView.swift; sourceTree = "<group>"; };
		1BEB6A9E242DC16000B3BCE3 /* Assets.xcassets */ = {isa = PBXFileReference; lastKnownFileType = folder.assetcatalog; path = Assets.xcassets; sourceTree = "<group>"; };
		1BEB6AA1242DC16000B3BCE3 /* Preview Assets.xcassets */ = {isa = PBXFileReference; lastKnownFileType = folder.assetcatalog; path = "Preview Assets.xcassets"; sourceTree = "<group>"; };
		1BEB6AA4242DC16000B3BCE3 /* Base */ = {isa = PBXFileReference; lastKnownFileType = file.storyboard; name = Base; path = Base.lproj/LaunchScreen.storyboard; sourceTree = "<group>"; };
		1BEB6AA6242DC16000B3BCE3 /* Info.plist */ = {isa = PBXFileReference; lastKnownFileType = text.plist.xml; path = Info.plist; sourceTree = "<group>"; };
		1BEB6AAB242DC16000B3BCE3 /* Google contactsTests.xctest */ = {isa = PBXFileReference; explicitFileType = wrapper.cfbundle; includeInIndex = 0; path = "Google contactsTests.xctest"; sourceTree = BUILT_PRODUCTS_DIR; };
		1BEB6AAF242DC16000B3BCE3 /* Google_contactsTests.swift */ = {isa = PBXFileReference; lastKnownFileType = sourcecode.swift; path = Google_contactsTests.swift; sourceTree = "<group>"; };
		1BEB6AB1242DC16000B3BCE3 /* Info.plist */ = {isa = PBXFileReference; lastKnownFileType = text.plist.xml; path = Info.plist; sourceTree = "<group>"; };
/* End PBXFileReference section */

/* Begin PBXFrameworksBuildPhase section */
		1BEB6A8F242DC15D00B3BCE3 /* Frameworks */ = {
			isa = PBXFrameworksBuildPhase;
			buildActionMask = 2147483647;
			files = (
			);
			runOnlyForDeploymentPostprocessing = 0;
		};
		1BEB6AA8242DC16000B3BCE3 /* Frameworks */ = {
			isa = PBXFrameworksBuildPhase;
			buildActionMask = 2147483647;
			files = (
			);
			runOnlyForDeploymentPostprocessing = 0;
		};
/* End PBXFrameworksBuildPhase section */

/* Begin PBXGroup section */
		1BEB6A89242DC15D00B3BCE3 = {
			isa = PBXGroup;
			children = (
				1BEB6A94242DC15D00B3BCE3 /* Google contacts */,
				1BEB6AAE242DC16000B3BCE3 /* Google contactsTests */,
				1BEB6A93242DC15D00B3BCE3 /* Products */,
			);
			sourceTree = "<group>";
		};
		1BEB6A93242DC15D00B3BCE3 /* Products */ = {
			isa = PBXGroup;
			children = (
				1BEB6A92242DC15D00B3BCE3 /* Google contacts.app */,
				1BEB6AAB242DC16000B3BCE3 /* Google contactsTests.xctest */,
			);
			name = Products;
			sourceTree = "<group>";
		};
		1BEB6A94242DC15D00B3BCE3 /* Google contacts */ = {
			isa = PBXGroup;
			children = (
				1BEB6A95242DC15D00B3BCE3 /* AppDelegate.swift */,
				1BEB6A97242DC15D00B3BCE3 /* SceneDelegate.swift */,
				1BEB6A9C242DC15D00B3BCE3 /* ContentView.swift */,
				1BEB6A9E242DC16000B3BCE3 /* Assets.xcassets */,
				1BEB6AA3242DC16000B3BCE3 /* LaunchScreen.storyboard */,
				1BEB6AA6242DC16000B3BCE3 /* Info.plist */,
				1BEB6A99242DC15D00B3BCE3 /* Google_contacts.xcdatamodeld */,
				1BEB6AA0242DC16000B3BCE3 /* Preview Content */,
			);
			path = "Google contacts";
			sourceTree = "<group>";
		};
		1BEB6AA0242DC16000B3BCE3 /* Preview Content */ = {
			isa = PBXGroup;
			children = (
				1BEB6AA1242DC16000B3BCE3 /* Preview Assets.xcassets */,
			);
			path = "Preview Content";
			sourceTree = "<group>";
		};
		1BEB6AAE242DC16000B3BCE3 /* Google contactsTests */ = {
			isa = PBXGroup;
			children = (
				1BEB6AAF242DC16000B3BCE3 /* Google_contactsTests.swift */,
				1BEB6AB1242DC16000B3BCE3 /* Info.plist */,
			);
			path = "Google contactsTests";
			sourceTree = "<group>";
		};
/* End PBXGroup section */

/* Begin PBXNativeTarget section */
		1BEB6A91242DC15D00B3BCE3 /* Google contacts */ = {
			isa = PBXNativeTarget;
			buildConfigurationList = 1BEB6AB4242DC16000B3BCE3 /* Build configuration list for PBXNativeTarget "Google contacts" */;
			buildPhases = (
				1BEB6A8E242DC15D00B3BCE3 /* Sources */,
				1BEB6A8F242DC15D00B3BCE3 /* Frameworks */,
				1BEB6A90242DC15D00B3BCE3 /* Resources */,
			);
			buildRules = (
			);
			dependencies = (
			);
			name = "Google contacts";
			productName = "Google contacts";
			productReference = 1BEB6A92242DC15D00B3BCE3 /* Google contacts.app */;
			productType = "com.apple.product-type.application";
		};
		1BEB6AAA242DC16000B3BCE3 /* Google contactsTests */ = {
			isa = PBXNativeTarget;
			buildConfigurationList = 1BEB6AB7242DC16000B3BCE3 /* Build configuration list for PBXNativeTarget "Google contactsTests" */;
			buildPhases = (
				1BEB6AA7242DC16000B3BCE3 /* Sources */,
				1BEB6AA8242DC16000B3BCE3 /* Frameworks */,
				1BEB6AA9242DC16000B3BCE3 /* Resources */,
			);
			buildRules = (
			);
			dependencies = (
				1BEB6AAD242DC16000B3BCE3 /* PBXTargetDependency */,
			);
			name = "Google contactsTests";
			productName = "Google contactsTests";
			productReference = 1BEB6AAB242DC16000B3BCE3 /* Google contactsTests.xctest */;
			productType = "com.apple.product-type.bundle.unit-test";
		};
/* End PBXNativeTarget section */

/* Begin PBXProject section */
		1BEB6A8A242DC15D00B3BCE3 /* Project object */ = {
			isa = PBXProject;
			attributes = {
				LastSwiftUpdateCheck = 1140;
				LastUpgradeCheck = 1140;
				ORGANIZATIONNAME = "maxim mironov";
				TargetAttributes = {
					1BEB6A91242DC15D00B3BCE3 = {
						CreatedOnToolsVersion = 11.4;
					};
					1BEB6AAA242DC16000B3BCE3 = {
						CreatedOnToolsVersion = 11.4;
						TestTargetID = 1BEB6A91242DC15D00B3BCE3;
					};
				};
			};
			buildConfigurationList = 1BEB6A8D242DC15D00B3BCE3 /* Build configuration list for PBXProject "Google contacts" */;
			compatibilityVersion = "Xcode 9.3";
			developmentRegion = en;
			hasScannedForEncodings = 0;
			knownRegions = (
				en,
				Base,
			);
			mainGroup = 1BEB6A89242DC15D00B3BCE3;
			productRefGroup = 1BEB6A93242DC15D00B3BCE3 /* Products */;
			projectDirPath = "";
			projectRoot = "";
			targets = (
				1BEB6A91242DC15D00B3BCE3 /* Google contacts */,
				1BEB6AAA242DC16000B3BCE3 /* Google contactsTests */,
			);
		};
/* End PBXProject section */

/* Begin PBXResourcesBuildPhase section */
		1BEB6A90242DC15D00B3BCE3 /* Resources */ = {
			isa = PBXResourcesBuildPhase;
			buildActionMask = 2147483647;
			files = (
				1BEB6AA5242DC16000B3BCE3 /* LaunchScreen.storyboard in Resources */,
				1BEB6AA2242DC16000B3BCE3 /* Preview Assets.xcassets in Resources */,
				1BEB6A9F242DC16000B3BCE3 /* Assets.xcassets in Resources */,
			);
			runOnlyForDeploymentPostprocessing = 0;
		};
		1BEB6AA9242DC16000B3BCE3 /* Resources */ = {
			isa = PBXResourcesBuildPhase;
			buildActionMask = 2147483647;
			files = (
			);
			runOnlyForDeploymentPostprocessing = 0;
		};
/* End PBXResourcesBuildPhase section */

/* Begin PBXSourcesBuildPhase section */
		1BEB6A8E242DC15D00B3BCE3 /* Sources */ = {
			isa = PBXSourcesBuildPhase;
			buildActionMask = 2147483647;
			files = (
				1BEB6A96242DC15D00B3BCE3 /* AppDelegate.swift in Sources */,
				1BEB6A9B242DC15D00B3BCE3 /* Google_contacts.xcdatamodeld in Sources */,
				1BEB6A9D242DC15D00B3BCE3 /* ContentView.swift in Sources */,
				1BEB6A98242DC15D00B3BCE3 /* SceneDelegate.swift in Sources */,
			);
			runOnlyForDeploymentPostprocessing = 0;
		};
		1BEB6AA7242DC16000B3BCE3 /* Sources */ = {
			isa = PBXSourcesBuildPhase;
			buildActionMask = 2147483647;
			files = (
				1BEB6AB0242DC16000B3BCE3 /* Google_contactsTests.swift in Sources */,
			);
			runOnlyForDeploymentPostprocessing = 0;
		};
/* End PBXSourcesBuildPhase section */

/* Begin PBXTargetDependency section */
		1BEB6AAD242DC16000B3BCE3 /* PBXTargetDependency */ = {
			isa = PBXTargetDependency;
			target = 1BEB6A91242DC15D00B3BCE3 /* Google contacts */;
			targetProxy = 1BEB6AAC242DC16000B3BCE3 /* PBXContainerItemProxy */;
		};
/* End PBXTargetDependency section */

/* Begin PBXVariantGroup section */
		1BEB6AA3242DC16000B3BCE3 /* LaunchScreen.storyboard */ = {
			isa = PBXVariantGroup;
			children = (
				1BEB6AA4242DC16000B3BCE3 /* Base */,
			);
			name = LaunchScreen.storyboard;
			sourceTree = "<group>";
		};
/* End PBXVariantGroup section */

/* Begin XCBuildConfiguration section */
		1BEB6AB2242DC16000B3BCE3 /* Debug */ = {
			isa = XCBuildConfiguration;
			buildSettings = {
				ALWAYS_SEARCH_USER_PATHS = NO;
				CLANG_ANALYZER_NONNULL = YES;
				CLANG_ANALYZER_NUMBER_OBJECT_CONVERSION = YES_AGGRESSIVE;
				CLANG_CXX_LANGUAGE_STANDARD = "gnu++14";
				CLANG_CXX_LIBRARY = "libc++";
				CLANG_ENABLE_MODULES = YES;
				CLANG_ENABLE_OBJC_ARC = YES;
				CLANG_ENABLE_OBJC_WEAK = YES;
				CLANG_WARN_BLOCK_CAPTURE_AUTORELEASING = YES;
				CLANG_WARN_BOOL_CONVERSION = YES;
				CLANG_WARN_COMMA = YES;
				CLANG_WARN_CONSTANT_CONVERSION = YES;
				CLANG_WARN_DEPRECATED_OBJC_IMPLEMENTATIONS = YES;
				CLANG_WARN_DIRECT_OBJC_ISA_USAGE = YES_ERROR;
				CLANG_WARN_DOCUMENTATION_COMMENTS = YES;
				CLANG_WARN_EMPTY_BODY = YES;
				CLANG_WARN_ENUM_CONVERSION = YES;
				CLANG_WARN_INFINITE_RECURSION = YES;
				CLANG_WARN_INT_CONVERSION = YES;
				CLANG_WARN_NON_LITERAL_NULL_CONVERSION = YES;
				CLANG_WARN_OBJC_IMPLICIT_RETAIN_SELF = YES;
				CLANG_WARN_OBJC_LITERAL_CONVERSION = YES;
				CLANG_WARN_OBJC_ROOT_CLASS = YES_ERROR;
				CLANG_WARN_RANGE_LOOP_ANALYSIS = YES;
				CLANG_WARN_STRICT_PROTOTYPES = YES;
				CLANG_WARN_SUSPICIOUS_MOVE = YES;
				CLANG_WARN_UNGUARDED_AVAILABILITY = YES_AGGRESSIVE;
				CLANG_WARN_UNREACHABLE_CODE = YES;
				CLANG_WARN__DUPLICATE_METHOD_MATCH = YES;
				COPY_PHASE_STRIP = NO;
				DEBUG_INFORMATION_FORMAT = dwarf;
				ENABLE_STRICT_OBJC_MSGSEND = YES;
				ENABLE_TESTABILITY = YES;
				GCC_C_LANGUAGE_STANDARD = gnu11;
				GCC_DYNAMIC_NO_PIC = NO;
				GCC_NO_COMMON_BLOCKS = YES;
				GCC_OPTIMIZATION_LEVEL = 0;
				GCC_PREPROCESSOR_DEFINITIONS = (
					"DEBUG=1",
					"$(inherited)",
				);
				GCC_WARN_64_TO_32_BIT_CONVERSION = YES;
				GCC_WARN_ABOUT_RETURN_TYPE = YES_ERROR;
				GCC_WARN_UNDECLARED_SELECTOR = YES;
				GCC_WARN_UNINITIALIZED_AUTOS = YES_AGGRESSIVE;
				GCC_WARN_UNUSED_FUNCTION = YES;
				GCC_WARN_UNUSED_VARIABLE = YES;
				IPHONEOS_DEPLOYMENT_TARGET = 13.4;
				MTL_ENABLE_DEBUG_INFO = INCLUDE_SOURCE;
				MTL_FAST_MATH = YES;
				ONLY_ACTIVE_ARCH = YES;
				SDKROOT = iphoneos;
				SWIFT_ACTIVE_COMPILATION_CONDITIONS = DEBUG;
				SWIFT_OPTIMIZATION_LEVEL = "-Onone";
			};
			name = Debug;
		};
		1BEB6AB3242DC16000B3BCE3 /* Release */ = {
			isa = XCBuildConfiguration;
			buildSettings = {
				ALWAYS_SEARCH_USER_PATHS = NO;
				CLANG_ANALYZER_NONNULL = YES;
				CLANG_ANALYZER_NUMBER_OBJECT_CONVERSION = YES_AGGRESSIVE;
				CLANG_CXX_LANGUAGE_STANDARD = "gnu++14";
				CLANG_CXX_LIBRARY = "libc++";
				CLANG_ENABLE_MODULES = YES;
				CLANG_ENABLE_OBJC_ARC = YES;
				CLANG_ENABLE_OBJC_WEAK = YES;
				CLANG_WARN_BLOCK_CAPTURE_AUTORELEASING = YES;
				CLANG_WARN_BOOL_CONVERSION = YES;
				CLANG_WARN_COMMA = YES;
				CLANG_WARN_CONSTANT_CONVERSION = YES;
				CLANG_WARN_DEPRECATED_OBJC_IMPLEMENTATIONS = YES;
				CLANG_WARN_DIRECT_OBJC_ISA_USAGE = YES_ERROR;
				CLANG_WARN_DOCUMENTATION_COMMENTS = YES;
				CLANG_WARN_EMPTY_BODY = YES;
				CLANG_WARN_ENUM_CONVERSION = YES;
				CLANG_WARN_INFINITE_RECURSION = YES;
				CLANG_WARN_INT_CONVERSION = YES;
				CLANG_WARN_NON_LITERAL_NULL_CONVERSION = YES;
				CLANG_WARN_OBJC_IMPLICIT_RETAIN_SELF = YES;
				CLANG_WARN_OBJC_LITERAL_CONVERSION = YES;
				CLANG_WARN_OBJC_ROOT_CLASS = YES_ERROR;
				CLANG_WARN_RANGE_LOOP_ANALYSIS = YES;
				CLANG_WARN_STRICT_PROTOTYPES = YES;
				CLANG_WARN_SUSPICIOUS_MOVE = YES;
				CLANG_WARN_UNGUARDED_AVAILABILITY = YES_AGGRESSIVE;
				CLANG_WARN_UNREACHABLE_CODE = YES;
				CLANG_WARN__DUPLICATE_METHOD_MATCH = YES;
				COPY_PHASE_STRIP = NO;
				DEBUG_INFORMATION_FORMAT = "dwarf-with-dsym";
				ENABLE_NS_ASSERTIONS = NO;
				ENABLE_STRICT_OBJC_MSGSEND = YES;
				GCC_C_LANGUAGE_STANDARD = gnu11;
				GCC_NO_COMMON_BLOCKS = YES;
				GCC_WARN_64_TO_32_BIT_CONVERSION = YES;
				GCC_WARN_ABOUT_RETURN_TYPE = YES_ERROR;
				GCC_WARN_UNDECLARED_SELECTOR = YES;
				GCC_WARN_UNINITIALIZED_AUTOS = YES_AGGRESSIVE;
				GCC_WARN_UNUSED_FUNCTION = YES;
				GCC_WARN_UNUSED_VARIABLE = YES;
				IPHONEOS_DEPLOYMENT_TARGET = 13.4;
				MTL_ENABLE_DEBUG_INFO = NO;
				MTL_FAST_MATH = YES;
				SDKROOT = iphoneos;
				SWIFT_COMPILATION_MODE = wholemodule;
				SWIFT_OPTIMIZATION_LEVEL = "-O";
				VALIDATE_PRODUCT = YES;
			};
			name = Release;
		};
		1BEB6AB5242DC16000B3BCE3 /* Debug */ = {
			isa = XCBuildConfiguration;
			buildSettings = {
				ASSETCATALOG_COMPILER_APPICON_NAME = AppIcon;
				CODE_SIGN_STYLE = Automatic;
				DEVELOPMENT_ASSET_PATHS = "\"Google contacts/Preview Content\"";
				DEVELOPMENT_TEAM = F7HQJR66P4;
				ENABLE_PREVIEWS = YES;
				INFOPLIST_FILE = "Google contacts/Info.plist";
				LD_RUNPATH_SEARCH_PATHS = (
					"$(inherited)",
					"@executable_path/Frameworks",
				);
				PRODUCT_BUNDLE_IDENTIFIER = "miromax.Google-contacts";
				PRODUCT_NAME = "$(TARGET_NAME)";
				SWIFT_VERSION = 5.0;
				TARGETED_DEVICE_FAMILY = "1,2";
			};
			name = Debug;
		};
		1BEB6AB6242DC16000B3BCE3 /* Release */ = {
			isa = XCBuildConfiguration;
			buildSettings = {
				ASSETCATALOG_COMPILER_APPICON_NAME = AppIcon;
				CODE_SIGN_STYLE = Automatic;
				DEVELOPMENT_ASSET_PATHS = "\"Google contacts/Preview Content\"";
				DEVELOPMENT_TEAM = F7HQJR66P4;
				ENABLE_PREVIEWS = YES;
				INFOPLIST_FILE = "Google contacts/Info.plist";
				LD_RUNPATH_SEARCH_PATHS = (
					"$(inherited)",
					"@executable_path/Frameworks",
				);
				PRODUCT_BUNDLE_IDENTIFIER = "miromax.Google-contacts";
				PRODUCT_NAME = "$(TARGET_NAME)";
				SWIFT_VERSION = 5.0;
				TARGETED_DEVICE_FAMILY = "1,2";
			};
			name = Release;
		};
		1BEB6AB8242DC16000B3BCE3 /* Debug */ = {
			isa = XCBuildConfiguration;
			buildSettings = {
				ALWAYS_EMBED_SWIFT_STANDARD_LIBRARIES = YES;
				BUNDLE_LOADER = "$(TEST_HOST)";
				CODE_SIGN_STYLE = Automatic;
				DEVELOPMENT_TEAM = F7HQJR66P4;
				INFOPLIST_FILE = "Google contactsTests/Info.plist";
				IPHONEOS_DEPLOYMENT_TARGET = 13.4;
				LD_RUNPATH_SEARCH_PATHS = (
					"$(inherited)",
					"@executable_path/Frameworks",
					"@loader_path/Frameworks",
				);
				PRODUCT_BUNDLE_IDENTIFIER = "miromax.Google-contactsTests";
				PRODUCT_NAME = "$(TARGET_NAME)";
				SWIFT_VERSION = 5.0;
				TARGETED_DEVICE_FAMILY = "1,2";
				TEST_HOST = "$(BUILT_PRODUCTS_DIR)/Google contacts.app/Google contacts";
			};
			name = Debug;
		};
		1BEB6AB9242DC16000B3BCE3 /* Release */ = {
			isa = XCBuildConfiguration;
			buildSettings = {
				ALWAYS_EMBED_SWIFT_STANDARD_LIBRARIES = YES;
				BUNDLE_LOADER = "$(TEST_HOST)";
				CODE_SIGN_STYLE = Automatic;
				DEVELOPMENT_TEAM = F7HQJR66P4;
				INFOPLIST_FILE = "Google contactsTests/Info.plist";
				IPHONEOS_DEPLOYMENT_TARGET = 13.4;
				LD_RUNPATH_SEARCH_PATHS = (
					"$(inherited)",
					"@executable_path/Frameworks",
					"@loader_path/Frameworks",
				);
				PRODUCT_BUNDLE_IDENTIFIER = "miromax.Google-contactsTests";
				PRODUCT_NAME = "$(TARGET_NAME)";
				SWIFT_VERSION = 5.0;
				TARGETED_DEVICE_FAMILY = "1,2";
				TEST_HOST = "$(BUILT_PRODUCTS_DIR)/Google contacts.app/Google contacts";
			};
			name = Release;
		};
/* End XCBuildConfiguration section */

/* Begin XCConfigurationList section */
		1BEB6A8D242DC15D00B3BCE3 /* Build configuration list for PBXProject "Google contacts" */ = {
			isa = XCConfigurationList;
			buildConfigurations = (
				1BEB6AB2242DC16000B3BCE3 /* Debug */,
				1BEB6AB3242DC16000B3BCE3 /* Release */,
			);
			defaultConfigurationIsVisible = 0;
			defaultConfigurationName = Release;
		};
		1BEB6AB4242DC16000B3BCE3 /* Build configuration list for PBXNativeTarget "Google contacts" */ = {
			isa = XCConfigurationList;
			buildConfigurations = (
				1BEB6AB5242DC16000B3BCE3 /* Debug */,
				1BEB6AB6242DC16000B3BCE3 /* Release */,
			);
			defaultConfigurationIsVisible = 0;
			defaultConfigurationName = Release;
		};
		1BEB6AB7242DC16000B3BCE3 /* Build configuration list for PBXNativeTarget "Google contactsTests" */ = {
			isa = XCConfigurationList;
			buildConfigurations = (
				1BEB6AB8242DC16000B3BCE3 /* Debug */,
				1BEB6AB9242DC16000B3BCE3 /* Release */,
			);
			defaultConfigurationIsVisible = 0;
			defaultConfigurationName = Release;
		};
/* End XCConfigurationList section */

/* Begin XCVersionGroup section */
		1BEB6A99242DC15D00B3BCE3 /* Google_contacts.xcdatamodeld */ = {
			isa = XCVersionGroup;
			children = (
				1BEB6A9A242DC15D00B3BCE3 /* Google_contacts.xcdatamodel */,
			);
			currentVersion = 1BEB6A9A242DC15D00B3BCE3 /* Google_contacts.xcdatamodel */;
			path = Google_contacts.xcdatamodeld;
			sourceTree = "<group>";
			versionGroupType = wrapper.xcdatamodel;
		};
/* End XCVersionGroup section */
	};
	rootObject = 1BEB6A8A242DC15D00B3BCE3 /* Project object */;
}
